
Microsoft Visual Studio Solution File, Format Version 12.00
# Visual Studio Version 17
VisualStudioVersion = 17.8.34330.188
MinimumVisualStudioVersion = 10.0.40219.1
Project("{FAE04EC0-301F-11D3-BF4B-00C04F79EFBC}") = "ZDTStepperDriver", "ZDTStepperDriver\ZDTStepperDriver.csproj", "{DE8D9376-7B1E-4822-B6B9-B142CE053A95}"
EndProject
Project("{FAE04EC0-301F-11D3-BF4B-00C04F79EFBC}") = "Test", "Test\Test.csproj", "{A53E7A54-FD41-4787-9E66-8DDEFD16DE0E}"
EndProject
Global
	GlobalSection(SolutionConfigurationPlatforms) = preSolution
		Debug|Any CPU = Debug|Any CPU
		Release|Any CPU = Release|Any CPU
	EndGlobalSection
	GlobalSection(ProjectConfigurationPlatforms) = postSolution
		{DE8D9376-7B1E-4822-B6B9-B142CE053A95}.Debug|Any CPU.ActiveCfg = Debug|Any CPU
		{DE8D9376-7B1E-4822-B6B9-B142CE053A95}.Debug|Any CPU.Build.0 = Debug|Any CPU
		{DE8D9376-7B1E-4822-B6B9-B142CE053A95}.Release|Any CPU.ActiveCfg = Release|Any CPU
		{DE8D9376-7B1E-4822-B6B9-B142CE053A95}.Release|Any CPU.Build.0 = Release|Any CPU
		{A53E7A54-FD41-4787-9E66-8DDEFD16DE0E}.Debug|Any CPU.ActiveCfg = Debug|Any CPU
		{A53E7A54-FD41-4787-9E66-8DDEFD16DE0E}.Debug|Any CPU.Build.0 = Debug|Any CPU
		{A53E7A54-FD41-4787-9E66-8DDEFD16DE0E}.Release|Any CPU.ActiveCfg = Release|Any CPU
		{A53E7A54-FD41-4787-9E66-8DDEFD16DE0E}.Release|Any CPU.Build.0 = Release|Any CPU
	EndGlobalSection
	GlobalSection(SolutionProperties) = preSolution
		HideSolutionNode = FALSE
	EndGlobalSection
	GlobalSection(ExtensibilityGlobals) = postSolution
		SolutionGuid = {13D907C1-E2BA-4DEA-A190-1B7AC1210BE8}
	EndGlobalSection
EndGlobal
